
Microsoft Visual Studio Solution File, Format Version 12.00
# Visual Studio 14
VisualStudioVersion = 14.0.23107.0
MinimumVisualStudioVersion = 10.0.40219.1
Project("{FAE04EC0-301F-11D3-BF4B-00C04F79EFBC}") = "WXPaySDK", "WXPaySDK\WXPaySDK.csproj", "{1E2083DB-E623-483D-8EE6-B7F74CAE3172}"
EndProject
Project("{FAE04EC0-301F-11D3-BF4B-00C04F79EFBC}") = "WXPaySDKDemo", "WXPaySDKDemo\WXPaySDKDemo.csproj", "{D65EA7FC-D3A1-48AC-81F0-A885BEE97D5A}"
EndProject
Global
	GlobalSection(SolutionConfigurationPlatforms) = preSolution
		Debug|Any CPU = Debug|Any CPU
		Debug|ARM = Debug|ARM
		Debug|x64 = Debug|x64
		Debug|x86 = Debug|x86
		Release|Any CPU = Release|Any CPU
		Release|ARM = Release|ARM
		Release|x64 = Release|x64
		Release|x86 = Release|x86
	EndGlobalSection
	GlobalSection(ProjectConfigurationPlatforms) = postSolution
		{1E2083DB-E623-483D-8EE6-B7F74CAE3172}.Debug|Any CPU.ActiveCfg = Debug|Any CPU
		{1E2083DB-E623-483D-8EE6-B7F74CAE3172}.Debug|Any CPU.Build.0 = Debug|Any CPU
		{1E2083DB-E623-483D-8EE6-B7F74CAE3172}.Debug|ARM.ActiveCfg = Debug|Any CPU
		{1E2083DB-E623-483D-8EE6-B7F74CAE3172}.Debug|ARM.Build.0 = Debug|Any CPU
		{1E2083DB-E623-483D-8EE6-B7F74CAE3172}.Debug|x64.ActiveCfg = Debug|Any CPU
		{1E2083DB-E623-483D-8EE6-B7F74CAE3172}.Debug|x64.Build.0 = Debug|Any CPU
		{1E2083DB-E623-483D-8EE6-B7F74CAE3172}.Debug|x86.ActiveCfg = Debug|Any CPU
		{1E2083DB-E623-483D-8EE6-B7F74CAE3172}.Debug|x86.Build.0 = Debug|Any CPU
		{1E2083DB-E623-483D-8EE6-B7F74CAE3172}.Release|Any CPU.ActiveCfg = Release|Any CPU
		{1E2083DB-E623-483D-8EE6-B7F74CAE3172}.Release|Any CPU.Build.0 = Release|Any CPU
		{1E2083DB-E623-483D-8EE6-B7F74CAE3172}.Release|ARM.ActiveCfg = Release|Any CPU
		{1E2083DB-E623-483D-8EE6-B7F74CAE3172}.Release|ARM.Build.0 = Release|Any CPU
		{1E2083DB-E623-483D-8EE6-B7F74CAE3172}.Release|x64.ActiveCfg = Release|Any CPU
		{1E2083DB-E623-483D-8EE6-B7F74CAE3172}.Release|x64.Build.0 = Release|Any CPU
		{1E2083DB-E623-483D-8EE6-B7F74CAE3172}.Release|x86.ActiveCfg = Release|Any CPU
		{1E2083DB-E623-483D-8EE6-B7F74CAE3172}.Release|x86.Build.0 = Release|Any CPU
		{D65EA7FC-D3A1-48AC-81F0-A885BEE97D5A}.Debug|Any CPU.ActiveCfg = Debug|Any CPU
		{D65EA7FC-D3A1-48AC-81F0-A885BEE97D5A}.Debug|Any CPU.Build.0 = Debug|Any CPU
		{D65EA7FC-D3A1-48AC-81F0-A885BEE97D5A}.Debug|ARM.ActiveCfg = Debug|Any CPU
		{D65EA7FC-D3A1-48AC-81F0-A885BEE97D5A}.Debug|ARM.Build.0 = Debug|Any CPU
		{D65EA7FC-D3A1-48AC-81F0-A885BEE97D5A}.Debug|x64.ActiveCfg = Debug|Any CPU
		{D65EA7FC-D3A1-48AC-81F0-A885BEE97D5A}.Debug|x64.Build.0 = Debug|Any CPU
		{D65EA7FC-D3A1-48AC-81F0-A885BEE97D5A}.Debug|x86.ActiveCfg = Debug|Any CPU
		{D65EA7FC-D3A1-48AC-81F0-A885BEE97D5A}.Debug|x86.Build.0 = Debug|Any CPU
		{D65EA7FC-D3A1-48AC-81F0-A885BEE97D5A}.Release|Any CPU.ActiveCfg = Release|Any CPU
		{D65EA7FC-D3A1-48AC-81F0-A885BEE97D5A}.Release|Any CPU.Build.0 = Release|Any CPU
		{D65EA7FC-D3A1-48AC-81F0-A885BEE97D5A}.Release|ARM.ActiveCfg = Release|Any CPU
		{D65EA7FC-D3A1-48AC-81F0-A885BEE97D5A}.Release|ARM.Build.0 = Release|Any CPU
		{D65EA7FC-D3A1-48AC-81F0-A885BEE97D5A}.Release|x64.ActiveCfg = Release|Any CPU
		{D65EA7FC-D3A1-48AC-81F0-A885BEE97D5A}.Release|x64.Build.0 = Release|Any CPU
		{D65EA7FC-D3A1-48AC-81F0-A885BEE97D5A}.Release|x86.ActiveCfg = Release|Any CPU
		{D65EA7FC-D3A1-48AC-81F0-A885BEE97D5A}.Release|x86.Build.0 = Release|Any CPU
	EndGlobalSection
	GlobalSection(SolutionProperties) = preSolution
		HideSolutionNode = FALSE
	EndGlobalSection
EndGlobal
